
Microsoft Visual Studio Solution File, Format Version 12.00
# Visual Studio 15
VisualStudioVersion = 15.0.28010.2046
MinimumVisualStudioVersion = 10.0.40219.1
Project("{9A19103F-16F7-4668-BE54-9A1E7A4F7556}") = "folderSize", "folderSize.csproj", "{4F1137F8-A000-4133-84BE-66B1236F9B7A}"
EndProject
Global
	GlobalSection(SolutionConfigurationPlatforms) = preSolution
		Debug|Any CPU = Debug|Any CPU
		Release|Any CPU = Release|Any CPU
	EndGlobalSection
	GlobalSection(ProjectConfigurationPlatforms) = postSolution
		{4F1137F8-A000-4133-84BE-66B1236F9B7A}.Debug|Any CPU.ActiveCfg = Debug|Any CPU
		{4F1137F8-A000-4133-84BE-66B1236F9B7A}.Debug|Any CPU.Build.0 = Debug|Any CPU
		{4F1137F8-A000-4133-84BE-66B1236F9B7A}.Release|Any CPU.ActiveCfg = Release|Any CPU
		{4F1137F8-A000-4133-84BE-66B1236F9B7A}.Release|Any CPU.Build.0 = Release|Any CPU
	EndGlobalSection
	GlobalSection(SolutionProperties) = preSolution
		HideSolutionNode = FALSE
	EndGlobalSection
	GlobalSection(ExtensibilityGlobals) = postSolution
		SolutionGuid = {69620269-6B25-4687-B12D-D15995E59F4E}
	EndGlobalSection
EndGlobal
